
Microsoft Visual Studio Solution File, Format Version 12.00
# Visual Studio Version 17
VisualStudioVersion = 17.2.32602.215
MinimumVisualStudioVersion = 10.0.40219.1
Project("{FAE04EC0-301F-11D3-BF4B-00C04F79EFBC}") = "Weather", "Weather.csproj", "{3AE5B846-1E1D-45CA-8E15-F0635556B68C}"
EndProject
Global
	GlobalSection(SolutionConfigurationPlatforms) = preSolution
		Debug|Any CPU = Debug|Any CPU
		Release|Any CPU = Release|Any CPU
	EndGlobalSection
	GlobalSection(ProjectConfigurationPlatforms) = postSolution
		{3AE5B846-1E1D-45CA-8E15-F0635556B68C}.Debug|Any CPU.ActiveCfg = Debug|Any CPU
		{3AE5B846-1E1D-45CA-8E15-F0635556B68C}.Debug|Any CPU.Build.0 = Debug|Any CPU
		{3AE5B846-1E1D-45CA-8E15-F0635556B68C}.Release|Any CPU.ActiveCfg = Release|Any CPU
		{3AE5B846-1E1D-45CA-8E15-F0635556B68C}.Release|Any CPU.Build.0 = Release|Any CPU
	EndGlobalSection
	GlobalSection(SolutionProperties) = preSolution
		HideSolutionNode = FALSE
	EndGlobalSection
	GlobalSection(ExtensibilityGlobals) = postSolution
		SolutionGuid = {0153E8FD-7C1C-4B54-88A2-ECDB550EF8CC}
	EndGlobalSection
EndGlobal
